<?xml version="1.0" encoding="utf-8"?>
<Project ToolsVersion="4.0" xmlns="http://schemas.microsoft.com/developer/msbuild/2003">
  <ItemGroup>
    <Filter Include="Core">
      <UniqueIdentifier>{4FC737F1-C7A5-4376-A066-2A32D752A2FF}</UniqueIdentifier>
    </Filter>
    <Filter Include="Include">
      <UniqueIdentifier>{B1E3A1F0-1001-4000-A000-000000000001}</UniqueIdentifier>
    </Filter>
    <Filter Include="Params">
      <UniqueIdentifier>{B1E3A1F0-1001-4000-A000-000000000002}</UniqueIdentifier>
    </Filter>
    <Filter Include="Scanners">
      <UniqueIdentifier>{B1E3A1F0-1001-4000-A000-000000000003}</UniqueIdentifier>
    </Filter>
    <Filter Include="Postprocessors">
      <UniqueIdentifier>{B1E3A1F0-1001-4000-A000-000000000004}</UniqueIdentifier>
    </Filter>
    <Filter Include="Postprocessors\Import Reconstruction">
      <UniqueIdentifier>{B1E3A1F0-1001-4000-A000-000000000005}</UniqueIdentifier>
    </Filter>
    <Filter Include="Utils">
      <UniqueIdentifier>{B1E3A1F0-1001-4000-A000-000000000006}</UniqueIdentifier>
    </Filter>
    <Filter Include="Stats">
      <UniqueIdentifier>{B1E3A1F0-1001-4000-A000-000000000007}</UniqueIdentifier>
    </Filter>
    <Filter Include="Resources">
      <UniqueIdentifier>{67DA6AB6-F800-4c08-8B7A-83BB121AAD01}</UniqueIdentifier>
    </Filter>
  </ItemGroup>
  <ItemGroup>
    <ClCompile Include="dll_main.cpp"><Filter>Core</Filter></ClCompile>
    <ClCompile Include="main.cpp"><Filter>Core</Filter></ClCompile>
    <ClCompile Include="pe_sieve.cpp"><Filter>Core</Filter></ClCompile>
    <ClCompile Include="pe_sieve_api.cpp"><Filter>Core</Filter></ClCompile>
    <ClInclude Include="color_scheme.h"><Filter>Core</Filter></ClInclude>
    <ClInclude Include="params.h"><Filter>Core</Filter></ClInclude>
    <ClInclude Include="pe_sieve.h"><Filter>Core</Filter></ClInclude>
    <ClInclude Include="pe_sieve_report.h"><Filter>Core</Filter></ClInclude>
    <ClInclude Include="pe_sieve_ver_short.h"><Filter>Core</Filter></ClInclude>
    <ClInclude Include="resources.h"><Filter>Core</Filter></ClInclude>
    <None Include="main.def"><Filter>Core</Filter></None>
  </ItemGroup>
  <ItemGroup>
    <ClInclude Include="include\pe_sieve_api.h"><Filter>Include</Filter></ClInclude>
    <ClInclude Include="include\pe_sieve_return_codes.h"><Filter>Include</Filter></ClInclude>
    <ClInclude Include="include\pe_sieve_types.h"><Filter>Include</Filter></ClInclude>
  </ItemGroup>
  <ItemGroup>
    <ClCompile Include="params_info\params_dump.cpp"><Filter>Params</Filter></ClCompile>
    <ClCompile Include="params_info\pe_sieve_params_info.cpp"><Filter>Params</Filter></ClCompile>
    <ClInclude Include="params_info\params_dump.h"><Filter>Params</Filter></ClInclude>
    <ClInclude Include="params_info\pe_sieve_params_info.h"><Filter>Params</Filter></ClInclude>
  </ItemGroup>
  <ItemGroup>
    <ClCompile Include="scanners\artefact_scanner.cpp"><Filter>Scanners</Filter></ClCompile>
    <ClCompile Include="scanners\code_scanner.cpp"><Filter>Scanners</Filter></ClCompile>
    <ClCompile Include="scanners\headers_scanner.cpp"><Filter>Scanners</Filter></ClCompile>
    <ClCompile Include="scanners\hook_targets_resolver.cpp"><Filter>Scanners</Filter></ClCompile>
    <ClCompile Include="scanners\iat_scanner.cpp"><Filter>Scanners</Filter></ClCompile>
    <ClCompile Include="scanners\mapping_scanner.cpp"><Filter>Scanners</Filter></ClCompile>
    <ClCompile Include="scanners\mempage_data.cpp"><Filter>Scanners</Filter></ClCompile>
    <ClCompile Include="scanners\module_cache.cpp"><Filter>Scanners</Filter></ClCompile>
    <ClCompile Include="scanners\module_data.cpp"><Filter>Scanners</Filter></ClCompile>
    <ClCompile Include="scanners\patch_analyzer.cpp"><Filter>Scanners</Filter></ClCompile>
    <ClCompile Include="scanners\patch_list.cpp"><Filter>Scanners</Filter></ClCompile>
    <ClCompile Include="scanners\scanned_modules.cpp"><Filter>Scanners</Filter></ClCompile>
    <ClCompile Include="scanners\scanner.cpp"><Filter>Scanners</Filter></ClCompile>
    <ClCompile Include="scanners\scan_report.cpp"><Filter>Scanners</Filter></ClCompile>
    <ClCompile Include="scanners\thread_scanner.cpp"><Filter>Scanners</Filter></ClCompile>
    <ClCompile Include="scanners\workingset_scanner.cpp"><Filter>Scanners</Filter></ClCompile>
    <ClInclude Include="scanners\artefact_scanner.h"><Filter>Scanners</Filter></ClInclude>
    <ClInclude Include="scanners\code_scanner.h"><Filter>Scanners</Filter></ClInclude>
    <ClInclude Include="scanners\headers_scanner.h"><Filter>Scanners</Filter></ClInclude>
    <ClInclude Include="scanners\hook_targets_resolver.h"><Filter>Scanners</Filter></ClInclude>
    <ClInclude Include="scanners\iat_scanner.h"><Filter>Scanners</Filter></ClInclude>
    <ClInclude Include="scanners\mapping_scanner.h"><Filter>Scanners</Filter></ClInclude>
    <ClInclude Include="scanners\mempage_data.h"><Filter>Scanners</Filter></ClInclude>
    <ClInclude Include="scanners\module_cache.h"><Filter>Scanners</Filter></ClInclude>
    <ClInclude Include="scanners\module_data.h"><Filter>Scanners</Filter></ClInclude>
    <ClInclude Include="scanners\module_scanner.h"><Filter>Scanners</Filter></ClInclude>
    <ClInclude Include="scanners\module_scan_report.h"><Filter>Scanners</Filter></ClInclude>
    <ClInclude Include="scanners\patch_analyzer.h"><Filter>Scanners</Filter></ClInclude>
    <ClInclude Include="scanners\patch_list.h"><Filter>Scanners</Filter></ClInclude>
    <ClInclude Include="scanners\pe_section.h"><Filter>Scanners</Filter></ClInclude>
    <ClInclude Include="scanners\process_details.h"><Filter>Scanners</Filter></ClInclude>
    <ClInclude Include="scanners\process_feature_scanner.h"><Filter>Scanners</Filter></ClInclude>
    <ClInclude Include="scanners\scanned_modules.h"><Filter>Scanners</Filter></ClInclude>
    <ClInclude Include="scanners\scanner.h"><Filter>Scanners</Filter></ClInclude>
    <ClInclude Include="scanners\scan_report.h"><Filter>Scanners</Filter></ClInclude>
    <ClInclude Include="scanners\thread_scanner.h"><Filter>Scanners</Filter></ClInclude>
    <ClInclude Include="scanners\workingset_scanner.h"><Filter>Scanners</Filter></ClInclude>
  </ItemGroup>
  <ItemGroup>
    <ClCompile Include="postprocessors\dump_report.cpp"><Filter>Postprocessors</Filter></ClCompile>
    <ClCompile Include="postprocessors\pe_buffer.cpp"><Filter>Postprocessors</Filter></ClCompile>
    <ClCompile Include="postprocessors\pe_reconstructor.cpp"><Filter>Postprocessors</Filter></ClCompile>
    <ClCompile Include="postprocessors\report_formatter.cpp"><Filter>Postprocessors</Filter></ClCompile>
    <ClCompile Include="postprocessors\results_dumper.cpp"><Filter>Postprocessors</Filter></ClCompile>
    <ClInclude Include="postprocessors\dump_report.h"><Filter>Postprocessors</Filter></ClInclude>
    <ClInclude Include="postprocessors\pe_buffer.h"><Filter>Postprocessors</Filter></ClInclude>
    <ClInclude Include="postprocessors\pe_reconstructor.h"><Filter>Postprocessors</Filter></ClInclude>
    <ClInclude Include="postprocessors\report_formatter.h"><Filter>Postprocessors</Filter></ClInclude>
    <ClInclude Include="postprocessors\results_dumper.h"><Filter>Postprocessors</Filter></ClInclude>
    <ClCompile Include="postprocessors\imp_rec\iat_block.cpp"><Filter>Postprocessors\Import Reconstruction</Filter></ClCompile>
    <ClCompile Include="postprocessors\imp_rec\import_table_finder.cpp"><Filter>Postprocessors\Import Reconstruction</Filter></ClCompile>
    <ClCompile Include="postprocessors\imp_rec\imp_reconstructor.cpp"><Filter>Postprocessors\Import Reconstruction</Filter></ClCompile>
    <ClInclude Include="postprocessors\imp_rec\iat_block.h"><Filter>Postprocessors\Import Reconstruction</Filter></ClInclude>
    <ClInclude Include="postprocessors\imp_rec\iat_finder.h"><Filter>Postprocessors\Import Reconstruction</Filter></ClInclude>
    <ClInclude Include="postprocessors\imp_rec\import_table_finder.h"><Filter>Postprocessors\Import Reconstruction</Filter></ClInclude>
    <ClInclude Include="postprocessors\imp_rec\imp_reconstructor.h"><Filter>Postprocessors\Import Reconstruction</Filter></ClInclude>
  </ItemGroup>
  <ItemGroup>
    <ClCompile Include="stats\stats_analyzer.cpp"><Filter>Stats</Filter></ClCompile>
    <ClInclude Include="stats\entropy.h"><Filter>Stats</Filter></ClInclude>
    <ClInclude Include="stats\entropy_stats.h"><Filter>Stats</Filter></ClInclude>
    <ClInclude Include="stats\multi_stats.h"><Filter>Stats</Filter></ClInclude>
    <ClInclude Include="stats\stats.h"><Filter>Stats</Filter></ClInclude>
    <ClInclude Include="stats\stats_analyzer.h"><Filter>Stats</Filter></ClInclude>
    <ClInclude Include="stats\stats_util.h"><Filter>Stats</Filter></ClInclude>
    <ClInclude Include="stats\std_dev_calc.h"><Filter>Stats</Filter></ClInclude>
  </ItemGroup>
  <ItemGroup>
    <ClCompile Include="utils\artefacts_util.cpp"><Filter>Utils</Filter></ClCompile>
    <ClCompile Include="utils\console_color.cpp"><Filter>Utils</Filter></ClCompile>
    <ClCompile Include="utils\format_util.cpp"><Filter>Utils</Filter></ClCompile>
    <ClCompile Include="utils\modules_enum.cpp"><Filter>Utils</Filter></ClCompile>
    <ClCompile Include="utils\path_converter.cpp"><Filter>Utils</Filter></ClCompile>
    <ClCompile Include="utils\path_util.cpp"><Filter>Utils</Filter></ClCompile>
    <ClCompile Include="utils\process_minidump.cpp"><Filter>Utils</Filter></ClCompile>
    <ClCompile Include="utils\process_privilege.cpp"><Filter>Utils</Filter></ClCompile>
    <ClCompile Include="utils\process_reflection.cpp"><Filter>Utils</Filter></ClCompile>
    <ClCompile Include="utils\process_util.cpp"><Filter>Utils</Filter></ClCompile>
    <ClCompile Include="utils\strings_util.cpp"><Filter>Utils</Filter></ClCompile>
    <ClCompile Include="utils\syscall_extractor.cpp"><Filter>Utils</Filter></ClCompile>
    <ClCompile Include="utils\threads_util.cpp"><Filter>Utils</Filter></ClCompile>
    <ClCompile Include="utils\workingset_enum.cpp"><Filter>Utils</Filter></ClCompile>
    <ClInclude Include="utils\artefacts_util.h"><Filter>Utils</Filter></ClInclude>
    <ClInclude Include="utils\byte_buffer.h"><Filter>Utils</Filter></ClInclude>
    <ClInclude Include="utils\code_patterns.h"><Filter>Utils</Filter></ClInclude>
    <ClInclude Include="utils\console_color.h"><Filter>Utils</Filter></ClInclude>
    <ClInclude Include="utils\custom_buffer.h"><Filter>Utils</Filter></ClInclude>
    <ClInclude Include="utils\custom_mutex.h"><Filter>Utils</Filter></ClInclude>
    <ClInclude Include="utils\format_util.h"><Filter>Utils</Filter></ClInclude>
    <ClInclude Include="utils\modules_enum.h"><Filter>Utils</Filter></ClInclude>
    <ClInclude Include="utils\ntddk.h"><Filter>Utils</Filter></ClInclude>
    <ClInclude Include="utils\path_converter.h"><Filter>Utils</Filter></ClInclude>
    <ClInclude Include="utils\path_util.h"><Filter>Utils</Filter></ClInclude>
    <ClInclude Include="utils\process_minidump.h"><Filter>Utils</Filter></ClInclude>
    <ClInclude Include="utils\process_privilege.h"><Filter>Utils</Filter></ClInclude>
    <ClInclude Include="utils\process_reflection.h"><Filter>Utils</Filter></ClInclude>
    <ClInclude Include="utils\process_symbols.h"><Filter>Utils</Filter></ClInclude>
    <ClInclude Include="utils\process_util.h"><Filter>Utils</Filter></ClInclude>
    <ClInclude Include="utils\strings_util.h"><Filter>Utils</Filter></ClInclude>
    <ClInclude Include="utils\syscall_extractor.h"><Filter>Utils</Filter></ClInclude>
    <ClInclude Include="utils\threads_util.h"><Filter>Utils</Filter></ClInclude>
    <ClInclude Include="utils\workingset_enum.h"><Filter>Utils</Filter></ClInclude>
  </ItemGroup>
  <ItemGroup>
    <ResourceCompile Include="pe_sieve_res.rc"><Filter>Resources</Filter></ResourceCompile>
    <ResourceCompile Include="pe_sieve_res_icon.rc"><Filter>Resources</Filter></ResourceCompile>
  </ItemGroup>
</Project>
