<?xml version="1.0" encoding="utf-8"?>
<Project ToolsVersion="4.0" xmlns="http://schemas.microsoft.com/developer/msbuild/2003">
  <ItemGroup>
    <Filter Include="Source Files">
      <UniqueIdentifier>{4FC737F1-C7A5-4376-A066-2A32D752A2FF}</UniqueIdentifier>
      <Extensions>cpp;c;cc;cxx;def;odl;idl;hpj;bat;asm;asmx</Extensions>
    </Filter>
    <Filter Include="Header Files">
      <UniqueIdentifier>{93995380-89BD-4b04-88EB-625FBE52EBFB}</UniqueIdentifier>
      <Extensions>h;hh;hpp;hxx;hm;inl;inc;xsd</Extensions>
    </Filter>
    <Filter Include="Resource Files">
      <UniqueIdentifier>{67DA6AB6-F800-4c08-8B7A-83BB121AAD01}</UniqueIdentifier>
      <Extensions>rc;ico;cur;bmp;dlg;rc2;rct;bin;rgs;gif;jpg;jpeg;jpe;resx;tiff;tif;png;wav</Extensions>
    </Filter>
  </ItemGroup>
  <ItemGroup>
    <ClCompile Include="dll_main.cpp">
      <Filter>Source Files</Filter>
    </ClCompile>
    <ClCompile Include="main.cpp">
      <Filter>Source Files</Filter>
    </ClCompile>
    <ClCompile Include="pe_sieve.cpp">
      <Filter>Source Files</Filter>
    </ClCompile>
    <ClCompile Include="pe_sieve_api.cpp">
      <Filter>Source Files</Filter>
    </ClCompile>
    <ClCompile Include="params_info\params_dump.cpp">
      <Filter>Source Files</Filter>
    </ClCompile>
    <ClCompile Include="params_info\pe_sieve_params_info.cpp">
      <Filter>Source Files</Filter>
    </ClCompile>
    <ClCompile Include="postprocessors\dump_report.cpp">
      <Filter>Source Files</Filter>
    </ClCompile>
    <ClCompile Include="postprocessors\pe_buffer.cpp">
      <Filter>Source Files</Filter>
    </ClCompile>
    <ClCompile Include="postprocessors\pe_reconstructor.cpp">
      <Filter>Source Files</Filter>
    </ClCompile>
    <ClCompile Include="postprocessors\report_formatter.cpp">
      <Filter>Source Files</Filter>
    </ClCompile>
    <ClCompile Include="postprocessors\results_dumper.cpp">
      <Filter>Source Files</Filter>
    </ClCompile>
    <ClCompile Include="postprocessors\imp_rec\iat_block.cpp">
      <Filter>Source Files</Filter>
    </ClCompile>
    <ClCompile Include="postprocessors\imp_rec\import_table_finder.cpp">
      <Filter>Source Files</Filter>
    </ClCompile>
    <ClCompile Include="postprocessors\imp_rec\imp_reconstructor.cpp">
      <Filter>Source Files</Filter>
    </ClCompile>
    <ClCompile Include="scanners\artefact_scanner.cpp">
      <Filter>Source Files</Filter>
    </ClCompile>
    <ClCompile Include="scanners\code_scanner.cpp">
      <Filter>Source Files</Filter>
    </ClCompile>
    <ClCompile Include="scanners\headers_scanner.cpp">
      <Filter>Source Files</Filter>
    </ClCompile>
    <ClCompile Include="scanners\hook_targets_resolver.cpp">
      <Filter>Source Files</Filter>
    </ClCompile>
    <ClCompile Include="scanners\iat_scanner.cpp">
      <Filter>Source Files</Filter>
    </ClCompile>
    <ClCompile Include="scanners\mapping_scanner.cpp">
      <Filter>Source Files</Filter>
    </ClCompile>
    <ClCompile Include="scanners\mempage_data.cpp">
      <Filter>Source Files</Filter>
    </ClCompile>
    <ClCompile Include="scanners\module_cache.cpp">
      <Filter>Source Files</Filter>
    </ClCompile>
    <ClCompile Include="scanners\module_data.cpp">
      <Filter>Source Files</Filter>
    </ClCompile>
    <ClCompile Include="scanners\patch_analyzer.cpp">
      <Filter>Source Files</Filter>
    </ClCompile>
    <ClCompile Include="scanners\patch_list.cpp">
      <Filter>Source Files</Filter>
    </ClCompile>
    <ClCompile Include="scanners\scanned_modules.cpp">
      <Filter>Source Files</Filter>
    </ClCompile>
    <ClCompile Include="scanners\scanner.cpp">
      <Filter>Source Files</Filter>
    </ClCompile>
    <ClCompile Include="scanners\scan_report.cpp">
      <Filter>Source Files</Filter>
    </ClCompile>
    <ClCompile Include="scanners\thread_scanner.cpp">
      <Filter>Source Files</Filter>
    </ClCompile>
    <ClCompile Include="scanners\workingset_scanner.cpp">
      <Filter>Source Files</Filter>
    </ClCompile>
    <ClCompile Include="stats\stats_analyzer.cpp">
      <Filter>Source Files</Filter>
    </ClCompile>
    <ClCompile Include="utils\artefacts_util.cpp">
      <Filter>Source Files</Filter>
    </ClCompile>
    <ClCompile Include="utils\console_color.cpp">
      <Filter>Source Files</Filter>
    </ClCompile>
    <ClCompile Include="utils\format_util.cpp">
      <Filter>Source Files</Filter>
    </ClCompile>
    <ClCompile Include="utils\modules_enum.cpp">
      <Filter>Source Files</Filter>
    </ClCompile>
    <ClCompile Include="utils\path_converter.cpp">
      <Filter>Source Files</Filter>
    </ClCompile>
    <ClCompile Include="utils\path_util.cpp">
      <Filter>Source Files</Filter>
    </ClCompile>
    <ClCompile Include="utils\process_minidump.cpp">
      <Filter>Source Files</Filter>
    </ClCompile>
    <ClCompile Include="utils\process_privilege.cpp">
      <Filter>Source Files</Filter>
    </ClCompile>
    <ClCompile Include="utils\process_reflection.cpp">
      <Filter>Source Files</Filter>
    </ClCompile>
    <ClCompile Include="utils\process_util.cpp">
      <Filter>Source Files</Filter>
    </ClCompile>
    <ClCompile Include="utils\strings_util.cpp">
      <Filter>Source Files</Filter>
    </ClCompile>
    <ClCompile Include="utils\syscall_extractor.cpp">
      <Filter>Source Files</Filter>
    </ClCompile>
    <ClCompile Include="utils\threads_util.cpp">
      <Filter>Source Files</Filter>
    </ClCompile>
    <ClCompile Include="utils\workingset_enum.cpp">
      <Filter>Source Files</Filter>
    </ClCompile>
  </ItemGroup>
  <ItemGroup>
    <None Include="main.def">
      <Filter>Source Files</Filter>
    </None>
  </ItemGroup>
  <ItemGroup>
    <ClInclude Include="color_scheme.h">
      <Filter>Header Files</Filter>
    </ClInclude>
    <ClInclude Include="params.h">
      <Filter>Header Files</Filter>
    </ClInclude>
    <ClInclude Include="pe_sieve.h">
      <Filter>Header Files</Filter>
    </ClInclude>
    <ClInclude Include="pe_sieve_report.h">
      <Filter>Header Files</Filter>
    </ClInclude>
    <ClInclude Include="pe_sieve_ver_short.h">
      <Filter>Header Files</Filter>
    </ClInclude>
    <ClInclude Include="resources.h">
      <Filter>Header Files</Filter>
    </ClInclude>
    <ClInclude Include="include\pe_sieve_api.h">
      <Filter>Header Files</Filter>
    </ClInclude>
    <ClInclude Include="include\pe_sieve_return_codes.h">
      <Filter>Header Files</Filter>
    </ClInclude>
    <ClInclude Include="include\pe_sieve_types.h">
      <Filter>Header Files</Filter>
    </ClInclude>
    <ClInclude Include="params_info\params_dump.h">
      <Filter>Header Files</Filter>
    </ClInclude>
    <ClInclude Include="params_info\pe_sieve_params_info.h">
      <Filter>Header Files</Filter>
    </ClInclude>
    <ClInclude Include="postprocessors\dump_report.h">
      <Filter>Header Files</Filter>
    </ClInclude>
    <ClInclude Include="postprocessors\pe_buffer.h">
      <Filter>Header Files</Filter>
    </ClInclude>
    <ClInclude Include="postprocessors\pe_reconstructor.h">
      <Filter>Header Files</Filter>
    </ClInclude>
    <ClInclude Include="postprocessors\report_formatter.h">
      <Filter>Header Files</Filter>
    </ClInclude>
    <ClInclude Include="postprocessors\results_dumper.h">
      <Filter>Header Files</Filter>
    </ClInclude>
    <ClInclude Include="postprocessors\imp_rec\iat_block.h">
      <Filter>Header Files</Filter>
    </ClInclude>
    <ClInclude Include="postprocessors\imp_rec\iat_finder.h">
      <Filter>Header Files</Filter>
    </ClInclude>
    <ClInclude Include="postprocessors\imp_rec\import_table_finder.h">
      <Filter>Header Files</Filter>
    </ClInclude>
    <ClInclude Include="postprocessors\imp_rec\imp_reconstructor.h">
      <Filter>Header Files</Filter>
    </ClInclude>
    <ClInclude Include="scanners\artefact_scanner.h">
      <Filter>Header Files</Filter>
    </ClInclude>
    <ClInclude Include="scanners\code_scanner.h">
      <Filter>Header Files</Filter>
    </ClInclude>
    <ClInclude Include="scanners\headers_scanner.h">
      <Filter>Header Files</Filter>
    </ClInclude>
    <ClInclude Include="scanners\hook_targets_resolver.h">
      <Filter>Header Files</Filter>
    </ClInclude>
    <ClInclude Include="scanners\iat_scanner.h">
      <Filter>Header Files</Filter>
    </ClInclude>
    <ClInclude Include="scanners\mapping_scanner.h">
      <Filter>Header Files</Filter>
    </ClInclude>
    <ClInclude Include="scanners\mempage_data.h">
      <Filter>Header Files</Filter>
    </ClInclude>
    <ClInclude Include="scanners\module_cache.h">
      <Filter>Header Files</Filter>
    </ClInclude>
    <ClInclude Include="scanners\module_data.h">
      <Filter>Header Files</Filter>
    </ClInclude>
    <ClInclude Include="scanners\module_scanner.h">
      <Filter>Header Files</Filter>
    </ClInclude>
    <ClInclude Include="scanners\module_scan_report.h">
      <Filter>Header Files</Filter>
    </ClInclude>
    <ClInclude Include="scanners\patch_analyzer.h">
      <Filter>Header Files</Filter>
    </ClInclude>
    <ClInclude Include="scanners\patch_list.h">
      <Filter>Header Files</Filter>
    </ClInclude>
    <ClInclude Include="scanners\pe_section.h">
      <Filter>Header Files</Filter>
    </ClInclude>
    <ClInclude Include="scanners\process_details.h">
      <Filter>Header Files</Filter>
    </ClInclude>
    <ClInclude Include="scanners\process_feature_scanner.h">
      <Filter>Header Files</Filter>
    </ClInclude>
    <ClInclude Include="scanners\scanned_modules.h">
      <Filter>Header Files</Filter>
    </ClInclude>
    <ClInclude Include="scanners\scanner.h">
      <Filter>Header Files</Filter>
    </ClInclude>
    <ClInclude Include="scanners\scan_report.h">
      <Filter>Header Files</Filter>
    </ClInclude>
    <ClInclude Include="scanners\thread_scanner.h">
      <Filter>Header Files</Filter>
    </ClInclude>
    <ClInclude Include="scanners\workingset_scanner.h">
      <Filter>Header Files</Filter>
    </ClInclude>
    <ClInclude Include="stats\entropy.h">
      <Filter>Header Files</Filter>
    </ClInclude>
    <ClInclude Include="stats\entropy_stats.h">
      <Filter>Header Files</Filter>
    </ClInclude>
    <ClInclude Include="stats\multi_stats.h">
      <Filter>Header Files</Filter>
    </ClInclude>
    <ClInclude Include="stats\stats.h">
      <Filter>Header Files</Filter>
    </ClInclude>
    <ClInclude Include="stats\stats_analyzer.h">
      <Filter>Header Files</Filter>
    </ClInclude>
    <ClInclude Include="stats\stats_util.h">
      <Filter>Header Files</Filter>
    </ClInclude>
    <ClInclude Include="stats\std_dev_calc.h">
      <Filter>Header Files</Filter>
    </ClInclude>
    <ClInclude Include="utils\artefacts_util.h">
      <Filter>Header Files</Filter>
    </ClInclude>
    <ClInclude Include="utils\byte_buffer.h">
      <Filter>Header Files</Filter>
    </ClInclude>
    <ClInclude Include="utils\code_patterns.h">
      <Filter>Header Files</Filter>
    </ClInclude>
    <ClInclude Include="utils\console_color.h">
      <Filter>Header Files</Filter>
    </ClInclude>
    <ClInclude Include="utils\custom_buffer.h">
      <Filter>Header Files</Filter>
    </ClInclude>
    <ClInclude Include="utils\custom_mutex.h">
      <Filter>Header Files</Filter>
    </ClInclude>
    <ClInclude Include="utils\format_util.h">
      <Filter>Header Files</Filter>
    </ClInclude>
    <ClInclude Include="utils\modules_enum.h">
      <Filter>Header Files</Filter>
    </ClInclude>
    <ClInclude Include="utils\ntddk.h">
      <Filter>Header Files</Filter>
    </ClInclude>
    <ClInclude Include="utils\path_converter.h">
      <Filter>Header Files</Filter>
    </ClInclude>
    <ClInclude Include="utils\path_util.h">
      <Filter>Header Files</Filter>
    </ClInclude>
    <ClInclude Include="utils\process_minidump.h">
      <Filter>Header Files</Filter>
    </ClInclude>
    <ClInclude Include="utils\process_privilege.h">
      <Filter>Header Files</Filter>
    </ClInclude>
    <ClInclude Include="utils\process_reflection.h">
      <Filter>Header Files</Filter>
    </ClInclude>
    <ClInclude Include="utils\process_symbols.h">
      <Filter>Header Files</Filter>
    </ClInclude>
    <ClInclude Include="utils\process_util.h">
      <Filter>Header Files</Filter>
    </ClInclude>
    <ClInclude Include="utils\strings_util.h">
      <Filter>Header Files</Filter>
    </ClInclude>
    <ClInclude Include="utils\syscall_extractor.h">
      <Filter>Header Files</Filter>
    </ClInclude>
    <ClInclude Include="utils\threads_util.h">
      <Filter>Header Files</Filter>
    </ClInclude>
    <ClInclude Include="utils\workingset_enum.h">
      <Filter>Header Files</Filter>
    </ClInclude>
  </ItemGroup>
  <ItemGroup>
    <ResourceCompile Include="pe_sieve_res.rc">
      <Filter>Resource Files</Filter>
    </ResourceCompile>
    <ResourceCompile Include="pe_sieve_res_icon.rc">
      <Filter>Resource Files</Filter>
    </ResourceCompile>
  </ItemGroup>
</Project>